
Microsoft Visual Studio Solution File, Format Version 12.00
# Visual Studio Version 17
VisualStudioVersion = 17.3.32929.385
MinimumVisualStudioVersion = 10.0.40219.1
Project("{FAE04EC0-301F-11D3-BF4B-00C04F79EFBC}") = "WpfApp5", "WpfApp5.csproj", "{8657C9E8-3537-408C-9653-5E3B7788BFA0}"
EndProject
Global
	GlobalSection(SolutionConfigurationPlatforms) = preSolution
		Debug|Any CPU = Debug|Any CPU
		Release|Any CPU = Release|Any CPU
	EndGlobalSection
	GlobalSection(ProjectConfigurationPlatforms) = postSolution
		{8657C9E8-3537-408C-9653-5E3B7788BFA0}.Debug|Any CPU.ActiveCfg = Debug|Any CPU
		{8657C9E8-3537-408C-9653-5E3B7788BFA0}.Debug|Any CPU.Build.0 = Debug|Any CPU
		{8657C9E8-3537-408C-9653-5E3B7788BFA0}.Release|Any CPU.ActiveCfg = Release|Any CPU
		{8657C9E8-3537-408C-9653-5E3B7788BFA0}.Release|Any CPU.Build.0 = Release|Any CPU
	EndGlobalSection
	GlobalSection(SolutionProperties) = preSolution
		HideSolutionNode = FALSE
	EndGlobalSection
	GlobalSection(ExtensibilityGlobals) = postSolution
		SolutionGuid = {0EBD991D-27F6-4C2A-8041-A7F53F5A5D43}
	EndGlobalSection
EndGlobal
